{
  "name": "teatv-add-ons",
  "version": "1.0.0",
  "lockfileVersion": 1,
  "requires": true,
  "dependencies": {
    "byte-converter": {
      "version": "0.1.4",
      "resolved": "https://registry.npmjs.org/byte-converter/-/byte-converter-0.1.4.tgz",
      "integrity": "sha1-mKqel89YTfKB0Rtb1Azuiipz/6k="
    }
  }
}
